
Microsoft Visual Studio Solution File, Format Version 12.00
# Visual Studio Version 17
VisualStudioVersion = 17.8.34330.188
MinimumVisualStudioVersion = 10.0.40219.1
Project("{FAE04EC0-301F-11D3-BF4B-00C04F79EFBC}") = "SpecFlowProject1", "SpecFlowProject1\SpecFlowProject1.csproj", "{9BAB4AF1-C84D-42F8-8D47-9D418E86BCF9}"
EndProject
Project("{FAE04EC0-301F-11D3-BF4B-00C04F79EFBC}") = "ClassLibrary1", "ClassLibrary1\ClassLibrary1.csproj", "{7F3C77AF-4D5E-4F18-ADF9-96BB3972868E}"
EndProject
Global
	GlobalSection(SolutionConfigurationPlatforms) = preSolution
		Debug|Any CPU = Debug|Any CPU
		Release|Any CPU = Release|Any CPU
	EndGlobalSection
	GlobalSection(ProjectConfigurationPlatforms) = postSolution
		{9BAB4AF1-C84D-42F8-8D47-9D418E86BCF9}.Debug|Any CPU.ActiveCfg = Debug|Any CPU
		{9BAB4AF1-C84D-42F8-8D47-9D418E86BCF9}.Debug|Any CPU.Build.0 = Debug|Any CPU
		{9BAB4AF1-C84D-42F8-8D47-9D418E86BCF9}.Release|Any CPU.ActiveCfg = Release|Any CPU
		{9BAB4AF1-C84D-42F8-8D47-9D418E86BCF9}.Release|Any CPU.Build.0 = Release|Any CPU
		{7F3C77AF-4D5E-4F18-ADF9-96BB3972868E}.Debug|Any CPU.ActiveCfg = Debug|Any CPU
		{7F3C77AF-4D5E-4F18-ADF9-96BB3972868E}.Debug|Any CPU.Build.0 = Debug|Any CPU
		{7F3C77AF-4D5E-4F18-ADF9-96BB3972868E}.Release|Any CPU.ActiveCfg = Release|Any CPU
		{7F3C77AF-4D5E-4F18-ADF9-96BB3972868E}.Release|Any CPU.Build.0 = Release|Any CPU
	EndGlobalSection
	GlobalSection(SolutionProperties) = preSolution
		HideSolutionNode = FALSE
	EndGlobalSection
	GlobalSection(ExtensibilityGlobals) = postSolution
		SolutionGuid = {4E9CFD08-CB6F-4807-8885-5B7AFF9CFF3A}
	EndGlobalSection
EndGlobal
